
Microsoft Visual Studio Solution File, Format Version 12.00
# Visual Studio 15
Project("{FAE04EC0-301F-11D3-BF4B-00C04F79EFBC}") = "WebAPI", "WebAPI\WebAPI.csproj", "{B351B4F1-4715-45BA-9506-E40BF747FA6B}"
EndProject
Project("{FAE04EC0-301F-11D3-BF4B-00C04F79EFBC}") = "WebReact", "WebReact\WebReact.csproj", "{ED8E6C12-3D6E-4CC6-A398-06046C08359C}"
EndProject
Global
	GlobalSection(SolutionConfigurationPlatforms) = preSolution
		Debug|Any CPU = Debug|Any CPU
		Release|Any CPU = Release|Any CPU
	EndGlobalSection
	GlobalSection(ProjectConfigurationPlatforms) = postSolution
		{B351B4F1-4715-45BA-9506-E40BF747FA6B}.Debug|Any CPU.ActiveCfg = Debug|Any CPU
		{B351B4F1-4715-45BA-9506-E40BF747FA6B}.Debug|Any CPU.Build.0 = Debug|Any CPU
		{B351B4F1-4715-45BA-9506-E40BF747FA6B}.Release|Any CPU.ActiveCfg = Release|Any CPU
		{B351B4F1-4715-45BA-9506-E40BF747FA6B}.Release|Any CPU.Build.0 = Release|Any CPU
		{ED8E6C12-3D6E-4CC6-A398-06046C08359C}.Debug|Any CPU.ActiveCfg = Debug|Any CPU
		{ED8E6C12-3D6E-4CC6-A398-06046C08359C}.Debug|Any CPU.Build.0 = Debug|Any CPU
		{ED8E6C12-3D6E-4CC6-A398-06046C08359C}.Release|Any CPU.ActiveCfg = Release|Any CPU
		{ED8E6C12-3D6E-4CC6-A398-06046C08359C}.Release|Any CPU.Build.0 = Release|Any CPU
	EndGlobalSection
EndGlobal
